
Microsoft Visual Studio Solution File, Format Version 12.00
# Visual Studio Version 17
VisualStudioVersion = 17.0.31903.59
MinimumVisualStudioVersion = 10.0.40219.1
Project("{2150E333-8FDC-42A3-9474-1A3956D46DE8}") = "src", "src", "{79556427-7C94-4C80-AD5E-95E4B753A0A3}"
EndProject
Project("{FAE04EC0-301F-11D3-BF4B-00C04F79EFBC}") = "Trading.Api", "src\Trading.Api\Trading.Api.csproj", "{102FB41D-4DBC-4F11-A083-31314F5311A9}"
EndProject
Project("{FAE04EC0-301F-11D3-BF4B-00C04F79EFBC}") = "Trading.Application", "src\Trading.Application\Trading.Application.csproj", "{24CC5D0D-F613-4BFE-9E37-EB1326CFD0E2}"
EndProject
Project("{FAE04EC0-301F-11D3-BF4B-00C04F79EFBC}") = "Trading.Domain", "src\Trading.Domain\Trading.Domain.csproj", "{B5AFC746-228C-4FB8-A9B1-36B5E124AD32}"
EndProject
Project("{FAE04EC0-301F-11D3-BF4B-00C04F79EFBC}") = "Trading.Infrastructure", "src\Trading.Infrastructure\Trading.Infrastructure.csproj", "{836A8C1C-D6DB-4E03-8126-CBA3836D3403}"
EndProject
Project("{FAE04EC0-301F-11D3-BF4B-00C04F79EFBC}") = "Trading.ConsoleLogger", "src\Trading.ConsoleLogger\Trading.ConsoleLogger.csproj", "{63BBA73E-7252-4776-9475-B613396A581D}"
EndProject
Project("{2150E333-8FDC-42A3-9474-1A3956D46DE8}") = "tests", "tests", "{8356D9EB-B646-4154-8BA1-6E6CCD8DF99B}"
EndProject
Project("{FAE04EC0-301F-11D3-BF4B-00C04F79EFBC}") = "Trading.Tests", "tests\Trading.Tests\Trading.Tests.csproj", "{0395DDD5-FB58-42DC-AACA-A6A4BFC0ECC2}"
EndProject
Global
	GlobalSection(SolutionConfigurationPlatforms) = preSolution
		Debug|Any CPU = Debug|Any CPU
		Release|Any CPU = Release|Any CPU
	EndGlobalSection
	GlobalSection(SolutionProperties) = preSolution
		HideSolutionNode = FALSE
	EndGlobalSection
	GlobalSection(ProjectConfigurationPlatforms) = postSolution
		{102FB41D-4DBC-4F11-A083-31314F5311A9}.Debug|Any CPU.ActiveCfg = Debug|Any CPU
		{102FB41D-4DBC-4F11-A083-31314F5311A9}.Debug|Any CPU.Build.0 = Debug|Any CPU
		{102FB41D-4DBC-4F11-A083-31314F5311A9}.Release|Any CPU.ActiveCfg = Release|Any CPU
		{102FB41D-4DBC-4F11-A083-31314F5311A9}.Release|Any CPU.Build.0 = Release|Any CPU
		{24CC5D0D-F613-4BFE-9E37-EB1326CFD0E2}.Debug|Any CPU.ActiveCfg = Debug|Any CPU
		{24CC5D0D-F613-4BFE-9E37-EB1326CFD0E2}.Debug|Any CPU.Build.0 = Debug|Any CPU
		{24CC5D0D-F613-4BFE-9E37-EB1326CFD0E2}.Release|Any CPU.ActiveCfg = Release|Any CPU
		{24CC5D0D-F613-4BFE-9E37-EB1326CFD0E2}.Release|Any CPU.Build.0 = Release|Any CPU
		{B5AFC746-228C-4FB8-A9B1-36B5E124AD32}.Debug|Any CPU.ActiveCfg = Debug|Any CPU
		{B5AFC746-228C-4FB8-A9B1-36B5E124AD32}.Debug|Any CPU.Build.0 = Debug|Any CPU
		{B5AFC746-228C-4FB8-A9B1-36B5E124AD32}.Release|Any CPU.ActiveCfg = Release|Any CPU
		{B5AFC746-228C-4FB8-A9B1-36B5E124AD32}.Release|Any CPU.Build.0 = Release|Any CPU
		{836A8C1C-D6DB-4E03-8126-CBA3836D3403}.Debug|Any CPU.ActiveCfg = Debug|Any CPU
		{836A8C1C-D6DB-4E03-8126-CBA3836D3403}.Debug|Any CPU.Build.0 = Debug|Any CPU
		{836A8C1C-D6DB-4E03-8126-CBA3836D3403}.Release|Any CPU.ActiveCfg = Release|Any CPU
		{836A8C1C-D6DB-4E03-8126-CBA3836D3403}.Release|Any CPU.Build.0 = Release|Any CPU
		{63BBA73E-7252-4776-9475-B613396A581D}.Debug|Any CPU.ActiveCfg = Debug|Any CPU
		{63BBA73E-7252-4776-9475-B613396A581D}.Debug|Any CPU.Build.0 = Debug|Any CPU
		{63BBA73E-7252-4776-9475-B613396A581D}.Release|Any CPU.ActiveCfg = Release|Any CPU
		{63BBA73E-7252-4776-9475-B613396A581D}.Release|Any CPU.Build.0 = Release|Any CPU
		{0395DDD5-FB58-42DC-AACA-A6A4BFC0ECC2}.Debug|Any CPU.ActiveCfg = Debug|Any CPU
		{0395DDD5-FB58-42DC-AACA-A6A4BFC0ECC2}.Debug|Any CPU.Build.0 = Debug|Any CPU
		{0395DDD5-FB58-42DC-AACA-A6A4BFC0ECC2}.Release|Any CPU.ActiveCfg = Release|Any CPU
		{0395DDD5-FB58-42DC-AACA-A6A4BFC0ECC2}.Release|Any CPU.Build.0 = Release|Any CPU
	EndGlobalSection
	GlobalSection(NestedProjects) = preSolution
		{102FB41D-4DBC-4F11-A083-31314F5311A9} = {79556427-7C94-4C80-AD5E-95E4B753A0A3}
		{24CC5D0D-F613-4BFE-9E37-EB1326CFD0E2} = {79556427-7C94-4C80-AD5E-95E4B753A0A3}
		{B5AFC746-228C-4FB8-A9B1-36B5E124AD32} = {79556427-7C94-4C80-AD5E-95E4B753A0A3}
		{836A8C1C-D6DB-4E03-8126-CBA3836D3403} = {79556427-7C94-4C80-AD5E-95E4B753A0A3}
		{63BBA73E-7252-4776-9475-B613396A581D} = {79556427-7C94-4C80-AD5E-95E4B753A0A3}
		{0395DDD5-FB58-42DC-AACA-A6A4BFC0ECC2} = {8356D9EB-B646-4154-8BA1-6E6CCD8DF99B}
	EndGlobalSection
EndGlobal
